github.com/confluentinc/confluent-kafka-go/v2 v2.13.3 h1:8HzftqswgcQDX/4WkUMDgC4mPmpq8ZrYIzS0Fm5BKWs=
github.com/confluentinc/confluent-kafka-go/v2 v2.13.3/go.mod h1:aR1aciwbULyLhKkv9eq88JhS4XmGOusEnHZx1R93XZI=
github.com/sirupsen/logrus v1.9.4 h1:TsZE7l11zFCLZnZ+teH4Umoq5BhEIfIzfRDZ1Uzql2w=
github.com/sirupsen/logrus v1.9.4/go.mod h1:ftWc9WdOfJ0a92nsE2jF5u5ZwH8Bv2zdeOC42RjbV2g=
golang.org/x/sys v0.25.0 h1:r+8e+loiHxRqhXVl6ML1nO3l1+oFoWbnlu2Ehimmi34=
golang.org/x/sys v0.25.0/go.mod h1:/VUhepiaJMQUp4+oa/7Zr1D23ma6VTLIYjOOTFZPUcA=
